PODS:
  - Alamofire (3.3.0)
  - BlocksKit (2.2.5):
    - BlocksKit/All (= 2.2.5)
  - BlocksKit/All (2.2.5):
    - BlocksKit/Core
    - BlocksKit/DynamicDelegate
    - BlocksKit/MessageUI
    - BlocksKit/UIKit
  - BlocksKit/Core (2.2.5)
  - BlocksKit/DynamicDelegate (2.2.5)
  - BlocksKit/MessageUI (2.2.5):
    - BlocksKit/Core
    - BlocksKit/DynamicDelegate
  - BlocksKit/UIKit (2.2.5):
    - BlocksKit/Core
    - BlocksKit/DynamicDelegate
  - INTULocationManager (4.2.0)
  - R.swift (2.1.0):
    - R.swift.Library (~> 2.0.0)
  - R.swift.Library (2.0.0)
  - Realm (0.98.6):
    - Realm/Headers (= 0.98.6)
  - Realm/Headers (0.98.6)
  - RealmSwift (0.98.6):
    - Realm (= 0.98.6)
  - SwiftTask (4.2.1)

DEPENDENCIES:
  - Alamofire
  - BlocksKit
  - INTULocationManager
  - R.swift
  - RealmSwift
  - SwiftTask

SPEC CHECKSUMS:
  Alamofire: 9054db4a1b1ca9e363223183e01cea380159a27c
  BlocksKit: 7f422b971407001178d181a43b99014ea2591fe6
  INTULocationManager: 73f8254b3d05c897c56bb13c190e5b7c648c0998
  R.swift: efff131531b5cf142e28fd94957806ff71ccbcf2
  R.swift.Library: 9f4b2d12040daa1ffe336d8f7e1574f73721fd01
  Realm: 44803f35418c5d89b27825a564247fcd190de37e
  RealmSwift: c7239c52c83f8c43525a5269ba7be1694da33afc
  SwiftTask: 30423c2499ac69e3fc20c001600ab7de46efeed1

COCOAPODS: 0.39.0
