// !$*UTF8*$!
{
	archiveVersion = 1;
	classes = {
	};
	objectVersion = 46;
	objects = {

/* Begin PBXBuildFile section */
		257A9130E860FAD480EE2B0B /* Pods_Attension.framework in Frameworks */ = {isa = PBXBuildFile; fileRef = 6E024979BF18D315370E7E0D /* Pods_Attension.framework */; };
		420DC28E1CCBB75F00D28EA1 /* Config.swift in Sources */ = {isa = PBXBuildFile; fileRef = 420DC28D1CCBB75F00D28EA1 /* Config.swift */; };
		421F1E4B1CB16C0D008307A5 /* MapKit.framework in Frameworks */ = {isa = PBXBuildFile; fileRef = 421F1E4A1CB16C0D008307A5 /* MapKit.framework */; };
		421F1E541CB2B911008307A5 /* LocationManager.swift in Sources */ = {isa = PBXBuildFile; fileRef = 421F1E531CB2B911008307A5 /* LocationManager.swift */; };
		422F2E8F1CB6948F00F74FBF /* GeoLocationSearchBar.swift in Sources */ = {isa = PBXBuildFile; fileRef = 422F2E8E1CB6948F00F74FBF /* GeoLocationSearchBar.swift */; };
		422F2E911CB6B79900F74FBF /* GeoLocationProvider.swift in Sources */ = {isa = PBXBuildFile; fileRef = 422F2E901CB6B79900F74FBF /* GeoLocationProvider.swift */; };
		422F2E961CB931A200F74FBF /* LocationSelectViewController.swift in Sources */ = {isa = PBXBuildFile; fileRef = 422F2E951CB931A200F74FBF /* LocationSelectViewController.swift */; };
		422F2E991CB9323D00F74FBF /* LocationSelectViewController.storyboard in Resources */ = {isa = PBXBuildFile; fileRef = 422F2E981CB9323D00F74FBF /* LocationSelectViewController.storyboard */; };
		422F2E9B1CB932FA00F74FBF /* R.generated.swift in Sources */ = {isa = PBXBuildFile; fileRef = 422F2E9A1CB932FA00F74FBF /* R.generated.swift */; };
		422F2E9F1CB95CAB00F74FBF /* UIBarButtonItem+BKWrapper.m in Sources */ = {isa = PBXBuildFile; fileRef = 422F2E9E1CB95CAB00F74FBF /* UIBarButtonItem+BKWrapper.m */; };
		426343B51CBE8FD300D39185 /* AttentionItem.swift in Sources */ = {isa = PBXBuildFile; fileRef = 426343B31CBE8FD300D39185 /* AttentionItem.swift */; };
		426343B61CBE8FD300D39185 /* AttentionItemDataSource.swift in Sources */ = {isa = PBXBuildFile; fileRef = 426343B41CBE8FD300D39185 /* AttentionItemDataSource.swift */; };
		426343CA1CBFD68C00D39185 /* AddingItemViewController.swift in Sources */ = {isa = PBXBuildFile; fileRef = 426343C91CBFD68C00D39185 /* AddingItemViewController.swift */; };
		426343CC1CBFD6A100D39185 /* AddingItemViewController.storyboard in Resources */ = {isa = PBXBuildFile; fileRef = 426343CB1CBFD6A100D39185 /* AddingItemViewController.storyboard */; };
		426343D01CC153CF00D39185 /* AttentionAnnotation.swift in Sources */ = {isa = PBXBuildFile; fileRef = 426343CF1CC153CF00D39185 /* AttentionAnnotation.swift */; };
		426343D21CC1561000D39185 /* AnnotationBodyViewController.swift in Sources */ = {isa = PBXBuildFile; fileRef = 426343D11CC1561000D39185 /* AnnotationBodyViewController.swift */; };
		426343D41CC1562600D39185 /* AnnotationBodyViewController.storyboard in Resources */ = {isa = PBXBuildFile; fileRef = 426343D31CC1562600D39185 /* AnnotationBodyViewController.storyboard */; };
		4287D5221CB14ACC00E78E47 /* AppDelegate.swift in Sources */ = {isa = PBXBuildFile; fileRef = 4287D5211CB14ACC00E78E47 /* AppDelegate.swift */; };
		4287D5241CB14ACC00E78E47 /* RootViewController.swift in Sources */ = {isa = PBXBuildFile; fileRef = 4287D5231CB14ACC00E78E47 /* RootViewController.swift */; };
		4287D5271CB14ACC00E78E47 /* Main.storyboard in Resources */ = {isa = PBXBuildFile; fileRef = 4287D5251CB14ACC00E78E47 /* Main.storyboard */; };
		4287D5291CB14ACC00E78E47 /* Assets.xcassets in Resources */ = {isa = PBXBuildFile; fileRef = 4287D5281CB14ACC00E78E47 /* Assets.xcassets */; };
		4287D52C1CB14ACC00E78E47 /* LaunchScreen.storyboard in Resources */ = {isa = PBXBuildFile; fileRef = 4287D52A1CB14ACC00E78E47 /* LaunchScreen.storyboard */; };
		4287D5371CB14ACC00E78E47 /* AttensionTests.swift in Sources */ = {isa = PBXBuildFile; fileRef = 4287D5361CB14ACC00E78E47 /* AttensionTests.swift */; };
		42A0DEBC1CC667480098C41A /* AttentionResponseItem.swift in Sources */ = {isa = PBXBuildFile; fileRef = 42A0DEBB1CC667480098C41A /* AttentionResponseItem.swift */; };
		42A0DEBE1CC66A170098C41A /* AttentionAPIClient.swift in Sources */ = {isa = PBXBuildFile; fileRef = 42A0DEBD1CC66A170098C41A /* AttentionAPIClient.swift */; };
		42A0DEC01CC66F2D0098C41A /* AttentionAPITests.swift in Sources */ = {isa = PBXBuildFile; fileRef = 42A0DEBF1CC66F2D0098C41A /* AttentionAPITests.swift */; };
		42A0DEC51CC902EA0098C41A /* PostResult.swift in Sources */ = {isa = PBXBuildFile; fileRef = 42A0DEC41CC902EA0098C41A /* PostResult.swift */; };
/* End PBXBuildFile section */

/* Begin PBXContainerItemProxy section */
		4287D5331CB14ACC00E78E47 /* PBXContainerItemProxy */ = {
			isa = PBXContainerItemProxy;
			containerPortal = 4287D5161CB14ACC00E78E47 /* Project object */;
			proxyType = 1;
			remoteGlobalIDString = 4287D51D1CB14ACC00E78E47;
			remoteInfo = Attension;
		};
/* End PBXContainerItemProxy section */

/* Begin PBXFileReference section */
		1A337B5E77ED82F4DFC9479E /* Pods-Attension.release.xcconfig */ = {isa = PBXFileReference; includeInIndex = 1; lastKnownFileType = text.xcconfig; name = "Pods-Attension.release.xcconfig"; path = "Pods/Target Support Files/Pods-Attension/Pods-Attension.release.xcconfig"; sourceTree = "<group>"; };
		420DC28D1CCBB75F00D28EA1 /* Config.swift */ = {isa = PBXFileReference; fileEncoding = 4; lastKnownFileType = sourcecode.swift; path = Config.swift; sourceTree = "<group>"; };
		421F1E4A1CB16C0D008307A5 /* MapKit.framework */ = {isa = PBXFileReference; lastKnownFileType = wrapper.framework; name = MapKit.framework; path = System/Library/Frameworks/MapKit.framework; sourceTree = SDKROOT; };
		421F1E4E1CB2B793008307A5 /* Attension-Bridging-Header.h */ = {isa = PBXFileReference; fileEncoding = 4; lastKnownFileType = sourcecode.c.h; path = "Attension-Bridging-Header.h"; sourceTree = "<group>"; };
		421F1E531CB2B911008307A5 /* LocationManager.swift */ = {isa = PBXFileReference; fileEncoding = 4; lastKnownFileType = sourcecode.swift; path = LocationManager.swift; sourceTree = "<group>"; };
		422F2E8E1CB6948F00F74FBF /* GeoLocationSearchBar.swift */ = {isa = PBXFileReference; fileEncoding = 4; lastKnownFileType = sourcecode.swift; path = GeoLocationSearchBar.swift; sourceTree = "<group>"; };
		422F2E901CB6B79900F74FBF /* GeoLocationProvider.swift */ = {isa = PBXFileReference; fileEncoding = 4; lastKnownFileType = sourcecode.swift; path = GeoLocationProvider.swift; sourceTree = "<group>"; };
		422F2E921CB925AB00F74FBF /* ja */ = {isa = PBXFileReference; lastKnownFileType = text.plist.strings; name = ja; path = ja.lproj/Main.strings; sourceTree = "<group>"; };
		422F2E931CB925AB00F74FBF /* ja */ = {isa = PBXFileReference; lastKnownFileType = text.plist.strings; name = ja; path = ja.lproj/LaunchScreen.strings; sourceTree = "<group>"; };
		422F2E951CB931A200F74FBF /* LocationSelectViewController.swift */ = {isa = PBXFileReference; fileEncoding = 4; lastKnownFileType = sourcecode.swift; path = LocationSelectViewController.swift; sourceTree = "<group>"; };
		422F2E981CB9323D00F74FBF /* LocationSelectViewController.storyboard */ = {isa = PBXFileReference; fileEncoding = 4; lastKnownFileType = file.storyboard; path = LocationSelectViewController.storyboard; sourceTree = "<group>"; };
		422F2E9A1CB932FA00F74FBF /* R.generated.swift */ = {isa = PBXFileReference; fileEncoding = 4; lastKnownFileType = sourcecode.swift; path = R.generated.swift; sourceTree = "<group>"; };
		422F2E9D1CB95CAB00F74FBF /* UIBarButtonItem+BKWrapper.h */ = {isa = PBXFileReference; fileEncoding = 4; lastKnownFileType = sourcecode.c.h; path = "UIBarButtonItem+BKWrapper.h"; sourceTree = "<group>"; };
		422F2E9E1CB95CAB00F74FBF /* UIBarButtonItem+BKWrapper.m */ = {isa = PBXFileReference; fileEncoding = 4; lastKnownFileType = sourcecode.c.objc; path = "UIBarButtonItem+BKWrapper.m"; sourceTree = "<group>"; };
		426343B31CBE8FD300D39185 /* AttentionItem.swift */ = {isa = PBXFileReference; fileEncoding = 4; lastKnownFileType = sourcecode.swift; path = AttentionItem.swift; sourceTree = "<group>"; };
		426343B41CBE8FD300D39185 /* AttentionItemDataSource.swift */ = {isa = PBXFileReference; fileEncoding = 4; lastKnownFileType = sourcecode.swift; path = AttentionItemDataSource.swift; sourceTree = "<group>"; };
		426343C91CBFD68C00D39185 /* AddingItemViewController.swift */ = {isa = PBXFileReference; fileEncoding = 4; lastKnownFileType = sourcecode.swift; path = AddingItemViewController.swift; sourceTree = "<group>"; };
		426343CB1CBFD6A100D39185 /* AddingItemViewController.storyboard */ = {isa = PBXFileReference; fileEncoding = 4; lastKnownFileType = file.storyboard; path = AddingItemViewController.storyboard; sourceTree = "<group>"; };
		426343CF1CC153CF00D39185 /* AttentionAnnotation.swift */ = {isa = PBXFileReference; fileEncoding = 4; lastKnownFileType = sourcecode.swift; path = AttentionAnnotation.swift; sourceTree = "<group>"; };
		426343D11CC1561000D39185 /* AnnotationBodyViewController.swift */ = {isa = PBXFileReference; fileEncoding = 4; lastKnownFileType = sourcecode.swift; path = AnnotationBodyViewController.swift; sourceTree = "<group>"; };
		426343D31CC1562600D39185 /* AnnotationBodyViewController.storyboard */ = {isa = PBXFileReference; fileEncoding = 4; lastKnownFileType = file.storyboard; path = AnnotationBodyViewController.storyboard; sourceTree = "<group>"; };
		4287D51E1CB14ACC00E78E47 /* Attension.app */ = {isa = PBXFileReference; explicitFileType = wrapper.application; includeInIndex = 0; path = Attension.app; sourceTree = BUILT_PRODUCTS_DIR; };
		4287D5211CB14ACC00E78E47 /* AppDelegate.swift */ = {isa = PBXFileReference; lastKnownFileType = sourcecode.swift; path = AppDelegate.swift; sourceTree = "<group>"; };
		4287D5231CB14ACC00E78E47 /* RootViewController.swift */ = {isa = PBXFileReference; lastKnownFileType = sourcecode.swift; path = RootViewController.swift; sourceTree = "<group>"; };
		4287D5261CB14ACC00E78E47 /* Base */ = {isa = PBXFileReference; lastKnownFileType = file.storyboard; name = Base; path = Base.lproj/Main.storyboard; sourceTree = "<group>"; };
		4287D5281CB14ACC00E78E47 /* Assets.xcassets */ = {isa = PBXFileReference; lastKnownFileType = folder.assetcatalog; path = Assets.xcassets; sourceTree = "<group>"; };
		4287D52B1CB14ACC00E78E47 /* Base */ = {isa = PBXFileReference; lastKnownFileType = file.storyboard; name = Base; path = Base.lproj/LaunchScreen.storyboard; sourceTree = "<group>"; };
		4287D52D1CB14ACC00E78E47 /* Info.plist */ = {isa = PBXFileReference; lastKnownFileType = text.plist.xml; path = Info.plist; sourceTree = "<group>"; };
		4287D5321CB14ACC00E78E47 /* AttensionTests.xctest */ = {isa = PBXFileReference; explicitFileType = wrapper.cfbundle; includeInIndex = 0; path = AttensionTests.xctest; sourceTree = BUILT_PRODUCTS_DIR; };
		4287D5361CB14ACC00E78E47 /* AttensionTests.swift */ = {isa = PBXFileReference; lastKnownFileType = sourcecode.swift; path = AttensionTests.swift; sourceTree = "<group>"; };
		4287D5381CB14ACC00E78E47 /* Info.plist */ = {isa = PBXFileReference; lastKnownFileType = text.plist.xml; path = Info.plist; sourceTree = "<group>"; };
		42A0DEBB1CC667480098C41A /* AttentionResponseItem.swift */ = {isa = PBXFileReference; fileEncoding = 4; lastKnownFileType = sourcecode.swift; path = AttentionResponseItem.swift; sourceTree = "<group>"; };
		42A0DEBD1CC66A170098C41A /* AttentionAPIClient.swift */ = {isa = PBXFileReference; fileEncoding = 4; lastKnownFileType = sourcecode.swift; path = AttentionAPIClient.swift; sourceTree = "<group>"; };
		42A0DEBF1CC66F2D0098C41A /* AttentionAPITests.swift */ = {isa = PBXFileReference; fileEncoding = 4; lastKnownFileType = sourcecode.swift; path = AttentionAPITests.swift; sourceTree = "<group>"; };
		42A0DEC41CC902EA0098C41A /* PostResult.swift */ = {isa = PBXFileReference; fileEncoding = 4; lastKnownFileType = sourcecode.swift; path = PostResult.swift; sourceTree = "<group>"; };
		6E024979BF18D315370E7E0D /* Pods_Attension.framework */ = {isa = PBXFileReference; explicitFileType = wrapper.framework; includeInIndex = 0; path = Pods_Attension.framework; sourceTree = BUILT_PRODUCTS_DIR; };
		79444ABCA0915F5FFC1112EC /* Pods.framework */ = {isa = PBXFileReference; explicitFileType = wrapper.framework; includeInIndex = 0; path = Pods.framework; sourceTree = BUILT_PRODUCTS_DIR; };
		D636FFC6387FE4AB2BAADF63 /* Pods-Attension.debug.xcconfig */ = {isa = PBXFileReference; includeInIndex = 1; lastKnownFileType = text.xcconfig; name = "Pods-Attension.debug.xcconfig"; path = "Pods/Target Support Files/Pods-Attension/Pods-Attension.debug.xcconfig"; sourceTree = "<group>"; };
/* End PBXFileReference section */

/* Begin PBXFrameworksBuildPhase section */
		4287D51B1CB14ACC00E78E47 /* Frameworks */ = {
			isa = PBXFrameworksBuildPhase;
			buildActionMask = 2147483647;
			files = (
				421F1E4B1CB16C0D008307A5 /* MapKit.framework in Frameworks */,
				257A9130E860FAD480EE2B0B /* Pods_Attension.framework in Frameworks */,
			);
			runOnlyForDeploymentPostprocessing = 0;
		};
		4287D52F1CB14ACC00E78E47 /* Frameworks */ = {
			isa = PBXFrameworksBuildPhase;
			buildActionMask = 2147483647;
			files = (
			);
			runOnlyForDeploymentPostprocessing = 0;
		};
/* End PBXFrameworksBuildPhase section */

/* Begin PBXGroup section */
		421F1E521CB2B8F1008307A5 /* Location */ = {
			isa = PBXGroup;
			children = (
				421F1E531CB2B911008307A5 /* LocationManager.swift */,
				422F2E901CB6B79900F74FBF /* GeoLocationProvider.swift */,
			);
			name = Location;
			sourceTree = "<group>";
		};
		422F2E8B1CB6934900F74FBF /* View */ = {
			isa = PBXGroup;
			children = (
				422F2E8E1CB6948F00F74FBF /* GeoLocationSearchBar.swift */,
				426343CF1CC153CF00D39185 /* AttentionAnnotation.swift */,
			);
			name = View;
			sourceTree = "<group>";
		};
		422F2E941CB9317200F74FBF /* ViewController */ = {
			isa = PBXGroup;
			children = (
				4287D5231CB14ACC00E78E47 /* RootViewController.swift */,
				422F2E951CB931A200F74FBF /* LocationSelectViewController.swift */,
				422F2E981CB9323D00F74FBF /* LocationSelectViewController.storyboard */,
				426343C91CBFD68C00D39185 /* AddingItemViewController.swift */,
				426343CB1CBFD6A100D39185 /* AddingItemViewController.storyboard */,
				426343D11CC1561000D39185 /* AnnotationBodyViewController.swift */,
				426343D31CC1562600D39185 /* AnnotationBodyViewController.storyboard */,
			);
			name = ViewController;
			sourceTree = "<group>";
		};
		422F2E9C1CB95C8A00F74FBF /* Others */ = {
			isa = PBXGroup;
			children = (
				422F2E9D1CB95CAB00F74FBF /* UIBarButtonItem+BKWrapper.h */,
				422F2E9E1CB95CAB00F74FBF /* UIBarButtonItem+BKWrapper.m */,
			);
			name = Others;
			sourceTree = "<group>";
		};
		426343B21CBE8FC500D39185 /* DataBase */ = {
			isa = PBXGroup;
			children = (
				426343B31CBE8FD300D39185 /* AttentionItem.swift */,
				426343B41CBE8FD300D39185 /* AttentionItemDataSource.swift */,
			);
			name = DataBase;
			sourceTree = "<group>";
		};
		4287D5151CB14ACC00E78E47 = {
			isa = PBXGroup;
			children = (
				4287D5201CB14ACC00E78E47 /* Attension */,
				4287D5351CB14ACC00E78E47 /* AttensionTests */,
				4287D51F1CB14ACC00E78E47 /* Products */,
				EDD3FFD094FB9366099A13D6 /* Frameworks */,
				CC3DE574811D3DD5FA8E9718 /* Pods */,
			);
			sourceTree = "<group>";
		};
		4287D51F1CB14ACC00E78E47 /* Products */ = {
			isa = PBXGroup;
			children = (
				4287D51E1CB14ACC00E78E47 /* Attension.app */,
				4287D5321CB14ACC00E78E47 /* AttensionTests.xctest */,
			);
			name = Products;
			sourceTree = "<group>";
		};
		4287D5201CB14ACC00E78E47 /* Attension */ = {
			isa = PBXGroup;
			children = (
				42A0DEB61CC662960098C41A /* API */,
				426343B21CBE8FC500D39185 /* DataBase */,
				422F2E9C1CB95C8A00F74FBF /* Others */,
				422F2E9A1CB932FA00F74FBF /* R.generated.swift */,
				422F2E941CB9317200F74FBF /* ViewController */,
				422F2E8B1CB6934900F74FBF /* View */,
				421F1E521CB2B8F1008307A5 /* Location */,
				421F1E4E1CB2B793008307A5 /* Attension-Bridging-Header.h */,
				4287D5211CB14ACC00E78E47 /* AppDelegate.swift */,
				4287D5251CB14ACC00E78E47 /* Main.storyboard */,
				4287D5281CB14ACC00E78E47 /* Assets.xcassets */,
				4287D52A1CB14ACC00E78E47 /* LaunchScreen.storyboard */,
				4287D52D1CB14ACC00E78E47 /* Info.plist */,
			);
			path = Attension;
			sourceTree = "<group>";
		};
		4287D5351CB14ACC00E78E47 /* AttensionTests */ = {
			isa = PBXGroup;
			children = (
				4287D5361CB14ACC00E78E47 /* AttensionTests.swift */,
				4287D5381CB14ACC00E78E47 /* Info.plist */,
				42A0DEBF1CC66F2D0098C41A /* AttentionAPITests.swift */,
			);
			path = AttensionTests;
			sourceTree = "<group>";
		};
		42A0DEB61CC662960098C41A /* API */ = {
			isa = PBXGroup;
			children = (
				42A0DEBD1CC66A170098C41A /* AttentionAPIClient.swift */,
				42A0DEBB1CC667480098C41A /* AttentionResponseItem.swift */,
				42A0DEC41CC902EA0098C41A /* PostResult.swift */,
				420DC28D1CCBB75F00D28EA1 /* Config.swift */,
			);
			name = API;
			path = ..;
			sourceTree = "<group>";
		};
		CC3DE574811D3DD5FA8E9718 /* Pods */ = {
			isa = PBXGroup;
			children = (
				D636FFC6387FE4AB2BAADF63 /* Pods-Attension.debug.xcconfig */,
				1A337B5E77ED82F4DFC9479E /* Pods-Attension.release.xcconfig */,
			);
			name = Pods;
			sourceTree = "<group>";
		};
		EDD3FFD094FB9366099A13D6 /* Frameworks */ = {
			isa = PBXGroup;
			children = (
				421F1E4A1CB16C0D008307A5 /* MapKit.framework */,
				79444ABCA0915F5FFC1112EC /* Pods.framework */,
				6E024979BF18D315370E7E0D /* Pods_Attension.framework */,
			);
			name = Frameworks;
			sourceTree = "<group>";
		};
/* End PBXGroup section */

/* Begin PBXNativeTarget section */
		4287D51D1CB14ACC00E78E47 /* Attension */ = {
			isa = PBXNativeTarget;
			buildConfigurationList = 4287D53B1CB14ACC00E78E47 /* Build configuration list for PBXNativeTarget "Attension" */;
			buildPhases = (
				AF4B21ECF37F9D7D630A802A /* 📦 Check Pods Manifest.lock */,
				422F2E971CB9320100F74FBF /* Run R.swift generator */,
				4287D51A1CB14ACC00E78E47 /* Sources */,
				4287D51B1CB14ACC00E78E47 /* Frameworks */,
				4287D51C1CB14ACC00E78E47 /* Resources */,
				64EAC19323DC0731513D3616 /* 📦 Embed Pods Frameworks */,
				7258D642801938B909E30E42 /* 📦 Copy Pods Resources */,
				F74911ADD27B854444CEA478 /* Embed Pods Frameworks */,
			);
			buildRules = (
			);
			dependencies = (
			);
			name = Attension;
			productName = Attension;
			productReference = 4287D51E1CB14ACC00E78E47 /* Attension.app */;
			productType = "com.apple.product-type.application";
		};
		4287D5311CB14ACC00E78E47 /* AttensionTests */ = {
			isa = PBXNativeTarget;
			buildConfigurationList = 4287D53E1CB14ACC00E78E47 /* Build configuration list for PBXNativeTarget "AttensionTests" */;
			buildPhases = (
				4287D52E1CB14ACC00E78E47 /* Sources */,
				4287D52F1CB14ACC00E78E47 /* Frameworks */,
				4287D5301CB14ACC00E78E47 /* Resources */,
			);
			buildRules = (
			);
			dependencies = (
				4287D5341CB14ACC00E78E47 /* PBXTargetDependency */,
			);
			name = AttensionTests;
			productName = AttensionTests;
			productReference = 4287D5321CB14ACC00E78E47 /* AttensionTests.xctest */;
			productType = "com.apple.product-type.bundle.unit-test";
		};
/* End PBXNativeTarget section */

/* Begin PBXProject section */
		4287D5161CB14ACC00E78E47 /* Project object */ = {
			isa = PBXProject;
			attributes = {
				LastSwiftUpdateCheck = 0730;
				LastUpgradeCheck = 0730;
				ORGANIZATIONNAME = "Hiraku Ohno";
				TargetAttributes = {
					4287D51D1CB14ACC00E78E47 = {
						CreatedOnToolsVersion = 7.3;
						SystemCapabilities = {
							com.apple.BackgroundModes = {
								enabled = 1;
							};
						};
					};
					4287D5311CB14ACC00E78E47 = {
						CreatedOnToolsVersion = 7.3;
						TestTargetID = 4287D51D1CB14ACC00E78E47;
					};
				};
			};
			buildConfigurationList = 4287D5191CB14ACC00E78E47 /* Build configuration list for PBXProject "Attension" */;
			compatibilityVersion = "Xcode 3.2";
			developmentRegion = English;
			hasScannedForEncodings = 0;
			knownRegions = (
				en,
				Base,
			);
			mainGroup = 4287D5151CB14ACC00E78E47;
			productRefGroup = 4287D51F1CB14ACC00E78E47 /* Products */;
			projectDirPath = "";
			projectRoot = "";
			targets = (
				4287D51D1CB14ACC00E78E47 /* Attension */,
				4287D5311CB14ACC00E78E47 /* AttensionTests */,
			);
		};
/* End PBXProject section */

/* Begin PBXResourcesBuildPhase section */
		4287D51C1CB14ACC00E78E47 /* Resources */ = {
			isa = PBXResourcesBuildPhase;
			buildActionMask = 2147483647;
			files = (
				426343CC1CBFD6A100D39185 /* AddingItemViewController.storyboard in Resources */,
				4287D52C1CB14ACC00E78E47 /* LaunchScreen.storyboard in Resources */,
				4287D5291CB14ACC00E78E47 /* Assets.xcassets in Resources */,
				422F2E991CB9323D00F74FBF /* LocationSelectViewController.storyboard in Resources */,
				426343D41CC1562600D39185 /* AnnotationBodyViewController.storyboard in Resources */,
				4287D5271CB14ACC00E78E47 /* Main.storyboard in Resources */,
			);
			runOnlyForDeploymentPostprocessing = 0;
		};
		4287D5301CB14ACC00E78E47 /* Resources */ = {
			isa = PBXResourcesBuildPhase;
			buildActionMask = 2147483647;
			files = (
			);
			runOnlyForDeploymentPostprocessing = 0;
		};
/* End PBXResourcesBuildPhase section */

/* Begin PBXShellScriptBuildPhase section */
		422F2E971CB9320100F74FBF /* Run R.swift generator */ = {
			isa = PBXShellScriptBuildPhase;
			buildActionMask = 2147483647;
			files = (
			);
			inputPaths = (
			);
			name = "Run R.swift generator";
			outputPaths = (
			);
			runOnlyForDeploymentPostprocessing = 0;
			shellPath = /bin/sh;
			shellScript = "\"$PODS_ROOT/R.swift/rswift\" \"$SRCROOT/Attension\"";
		};
		64EAC19323DC0731513D3616 /* 📦 Embed Pods Frameworks */ = {
			isa = PBXShellScriptBuildPhase;
			buildActionMask = 2147483647;
			files = (
			);
			inputPaths = (
			);
			name = "📦 Embed Pods Frameworks";
			outputPaths = (
			);
			runOnlyForDeploymentPostprocessing = 0;
			shellPath = /bin/sh;
			shellScript = "\"${SRCROOT}/Pods/Target Support Files/Pods-Attension/Pods-Attension-frameworks.sh\"\n";
			showEnvVarsInLog = 0;
		};
		7258D642801938B909E30E42 /* 📦 Copy Pods Resources */ = {
			isa = PBXShellScriptBuildPhase;
			buildActionMask = 2147483647;
			files = (
			);
			inputPaths = (
			);
			name = "📦 Copy Pods Resources";
			outputPaths = (
			);
			runOnlyForDeploymentPostprocessing = 0;
			shellPath = /bin/sh;
			shellScript = "\"${SRCROOT}/Pods/Target Support Files/Pods-Attension/Pods-Attension-resources.sh\"\n";
			showEnvVarsInLog = 0;
		};
		AF4B21ECF37F9D7D630A802A /* 📦 Check Pods Manifest.lock */ = {
			isa = PBXShellScriptBuildPhase;
			buildActionMask = 2147483647;
			files = (
			);
			inputPaths = (
			);
			name = "📦 Check Pods Manifest.lock";
			outputPaths = (
			);
			runOnlyForDeploymentPostprocessing = 0;
			shellPath = /bin/sh;
			shellScript = "diff \"${PODS_ROOT}/../Podfile.lock\" \"${PODS_ROOT}/Manifest.lock\" > /dev/null\nif [[ $? != 0 ]] ; then\n    cat << EOM\nerror: The sandbox is not in sync with the Podfile.lock. Run 'pod install' or update your CocoaPods installation.\nEOM\n    exit 1\nfi\n";
			showEnvVarsInLog = 0;
		};
		F74911ADD27B854444CEA478 /* Embed Pods Frameworks */ = {
			isa = PBXShellScriptBuildPhase;
			buildActionMask = 2147483647;
			files = (
			);
			inputPaths = (
			);
			name = "Embed Pods Frameworks";
			outputPaths = (
			);
			runOnlyForDeploymentPostprocessing = 0;
			shellPath = /bin/sh;
			shellScript = "\"${SRCROOT}/Pods/Target Support Files/Pods-Attension/Pods-Attension-frameworks.sh\"\n";
			showEnvVarsInLog = 0;
		};
/* End PBXShellScriptBuildPhase section */

/* Begin PBXSourcesBuildPhase section */
		4287D51A1CB14ACC00E78E47 /* Sources */ = {
			isa = PBXSourcesBuildPhase;
			buildActionMask = 2147483647;
			files = (
				422F2E8F1CB6948F00F74FBF /* GeoLocationSearchBar.swift in Sources */,
				426343CA1CBFD68C00D39185 /* AddingItemViewController.swift in Sources */,
				422F2E9B1CB932FA00F74FBF /* R.generated.swift in Sources */,
				4287D5241CB14ACC00E78E47 /* RootViewController.swift in Sources */,
				420DC28E1CCBB75F00D28EA1 /* Config.swift in Sources */,
				42A0DEBE1CC66A170098C41A /* AttentionAPIClient.swift in Sources */,
				426343D21CC1561000D39185 /* AnnotationBodyViewController.swift in Sources */,
				4287D5221CB14ACC00E78E47 /* AppDelegate.swift in Sources */,
				426343D01CC153CF00D39185 /* AttentionAnnotation.swift in Sources */,
				422F2E911CB6B79900F74FBF /* GeoLocationProvider.swift in Sources */,
				422F2E9F1CB95CAB00F74FBF /* UIBarButtonItem+BKWrapper.m in Sources */,
				42A0DEBC1CC667480098C41A /* AttentionResponseItem.swift in Sources */,
				426343B61CBE8FD300D39185 /* AttentionItemDataSource.swift in Sources */,
				421F1E541CB2B911008307A5 /* LocationManager.swift in Sources */,
				42A0DEC51CC902EA0098C41A /* PostResult.swift in Sources */,
				426343B51CBE8FD300D39185 /* AttentionItem.swift in Sources */,
				422F2E961CB931A200F74FBF /* LocationSelectViewController.swift in Sources */,
			);
			runOnlyForDeploymentPostprocessing = 0;
		};
		4287D52E1CB14ACC00E78E47 /* Sources */ = {
			isa = PBXSourcesBuildPhase;
			buildActionMask = 2147483647;
			files = (
				4287D5371CB14ACC00E78E47 /* AttensionTests.swift in Sources */,
				42A0DEC01CC66F2D0098C41A /* AttentionAPITests.swift in Sources */,
			);
			runOnlyForDeploymentPostprocessing = 0;
		};
/* End PBXSourcesBuildPhase section */

/* Begin PBXTargetDependency section */
		4287D5341CB14ACC00E78E47 /* PBXTargetDependency */ = {
			isa = PBXTargetDependency;
			target = 4287D51D1CB14ACC00E78E47 /* Attension */;
			targetProxy = 4287D5331CB14ACC00E78E47 /* PBXContainerItemProxy */;
		};
/* End PBXTargetDependency section */

/* Begin PBXVariantGroup section */
		4287D5251CB14ACC00E78E47 /* Main.storyboard */ = {
			isa = PBXVariantGroup;
			children = (
				4287D5261CB14ACC00E78E47 /* Base */,
				422F2E921CB925AB00F74FBF /* ja */,
			);
			name = Main.storyboard;
			sourceTree = "<group>";
		};
		4287D52A1CB14ACC00E78E47 /* LaunchScreen.storyboard */ = {
			isa = PBXVariantGroup;
			children = (
				4287D52B1CB14ACC00E78E47 /* Base */,
				422F2E931CB925AB00F74FBF /* ja */,
			);
			name = LaunchScreen.storyboard;
			sourceTree = "<group>";
		};
/* End PBXVariantGroup section */

/* Begin XCBuildConfiguration section */
		4287D5391CB14ACC00E78E47 /* Debug */ = {
			isa = XCBuildConfiguration;
			buildSettings = {
				ALWAYS_SEARCH_USER_PATHS = NO;
				CLANG_ANALYZER_NONNULL = YES;
				CLANG_CXX_LANGUAGE_STANDARD = "gnu++0x";
				CLANG_CXX_LIBRARY = "libc++";
				CLANG_ENABLE_MODULES = YES;
				CLANG_ENABLE_OBJC_ARC = YES;
				CLANG_WARN_BOOL_CONVERSION = YES;
				CLANG_WARN_CONSTANT_CONVERSION = YES;
				CLANG_WARN_DIRECT_OBJC_ISA_USAGE = YES_ERROR;
				CLANG_WARN_EMPTY_BODY = YES;
				CLANG_WARN_ENUM_CONVERSION = YES;
				CLANG_WARN_INT_CONVERSION = YES;
				CLANG_WARN_OBJC_ROOT_CLASS = YES_ERROR;
				CLANG_WARN_UNREACHABLE_CODE = YES;
				CLANG_WARN__DUPLICATE_METHOD_MATCH = YES;
				"CODE_SIGN_IDENTITY[sdk=iphoneos*]" = "iPhone Developer";
				COPY_PHASE_STRIP = NO;
				DEBUG_INFORMATION_FORMAT = dwarf;
				ENABLE_STRICT_OBJC_MSGSEND = YES;
				ENABLE_TESTABILITY = YES;
				GCC_C_LANGUAGE_STANDARD = gnu99;
				GCC_DYNAMIC_NO_PIC = NO;
				GCC_NO_COMMON_BLOCKS = YES;
				GCC_OPTIMIZATION_LEVEL = 0;
				GCC_PREPROCESSOR_DEFINITIONS = (
					"DEBUG=1",
					"$(inherited)",
				);
				GCC_WARN_64_TO_32_BIT_CONVERSION = YES;
				GCC_WARN_ABOUT_RETURN_TYPE = YES_ERROR;
				GCC_WARN_UNDECLARED_SELECTOR = YES;
				GCC_WARN_UNINITIALIZED_AUTOS = YES_AGGRESSIVE;
				GCC_WARN_UNUSED_FUNCTION = YES;
				GCC_WARN_UNUSED_VARIABLE = YES;
				IPHONEOS_DEPLOYMENT_TARGET = 9.0;
				MTL_ENABLE_DEBUG_INFO = YES;
				ONLY_ACTIVE_ARCH = YES;
				SDKROOT = iphoneos;
				SWIFT_OPTIMIZATION_LEVEL = "-Onone";
			};
			name = Debug;
		};
		4287D53A1CB14ACC00E78E47 /* Release */ = {
			isa = XCBuildConfiguration;
			buildSettings = {
				ALWAYS_SEARCH_USER_PATHS = NO;
				CLANG_ANALYZER_NONNULL = YES;
				CLANG_CXX_LANGUAGE_STANDARD = "gnu++0x";
				CLANG_CXX_LIBRARY = "libc++";
				CLANG_ENABLE_MODULES = YES;
				CLANG_ENABLE_OBJC_ARC = YES;
				CLANG_WARN_BOOL_CONVERSION = YES;
				CLANG_WARN_CONSTANT_CONVERSION = YES;
				CLANG_WARN_DIRECT_OBJC_ISA_USAGE = YES_ERROR;
				CLANG_WARN_EMPTY_BODY = YES;
				CLANG_WARN_ENUM_CONVERSION = YES;
				CLANG_WARN_INT_CONVERSION = YES;
				CLANG_WARN_OBJC_ROOT_CLASS = YES_ERROR;
				CLANG_WARN_UNREACHABLE_CODE = YES;
				CLANG_WARN__DUPLICATE_METHOD_MATCH = YES;
				"CODE_SIGN_IDENTITY[sdk=iphoneos*]" = "iPhone Developer";
				COPY_PHASE_STRIP = NO;
				DEBUG_INFORMATION_FORMAT = "dwarf-with-dsym";
				ENABLE_NS_ASSERTIONS = NO;
				ENABLE_STRICT_OBJC_MSGSEND = YES;
				GCC_C_LANGUAGE_STANDARD = gnu99;
				GCC_NO_COMMON_BLOCKS = YES;
				GCC_WARN_64_TO_32_BIT_CONVERSION = YES;
				GCC_WARN_ABOUT_RETURN_TYPE = YES_ERROR;
				GCC_WARN_UNDECLARED_SELECTOR = YES;
				GCC_WARN_UNINITIALIZED_AUTOS = YES_AGGRESSIVE;
				GCC_WARN_UNUSED_FUNCTION = YES;
				GCC_WARN_UNUSED_VARIABLE = YES;
				IPHONEOS_DEPLOYMENT_TARGET = 9.0;
				MTL_ENABLE_DEBUG_INFO = NO;
				SDKROOT = iphoneos;
				VALIDATE_PRODUCT = YES;
			};
			name = Release;
		};
		4287D53C1CB14ACC00E78E47 /* Debug */ = {
			isa = XCBuildConfiguration;
			baseConfigurationReference = D636FFC6387FE4AB2BAADF63 /* Pods-Attension.debug.xcconfig */;
			buildSettings = {
				ASSETCATALOG_COMPILER_APPICON_NAME = AppIcon;
				CLANG_ENABLE_MODULES = YES;
				INFOPLIST_FILE = Attension/Info.plist;
				IPHONEOS_DEPLOYMENT_TARGET = 9.0;
				LD_RUNPATH_SEARCH_PATHS = "$(inherited) @executable_path/Frameworks";
				OTHER_SWIFT_FLAGS = "$(inherited) \"-D\" \"COCOAPODS\" -D DEBUG";
				PRODUCT_BUNDLE_IDENTIFIER = com.hira.Attension;
				PRODUCT_NAME = "$(TARGET_NAME)";
				SWIFT_OBJC_BRIDGING_HEADER = "$(SRCROOT)/$(PROJECT)/Attension-Bridging-Header.h";
				SWIFT_OPTIMIZATION_LEVEL = "-Onone";
				USER_HEADER_SEARCH_PATHS = "Pods/BlocksKit/**/** Pods/INTULocationManager/**";
			};
			name = Debug;
		};
		4287D53D1CB14ACC00E78E47 /* Release */ = {
			isa = XCBuildConfiguration;
			baseConfigurationReference = 1A337B5E77ED82F4DFC9479E /* Pods-Attension.release.xcconfig */;
			buildSettings = {
				ASSETCATALOG_COMPILER_APPICON_NAME = AppIcon;
				CLANG_ENABLE_MODULES = YES;
				INFOPLIST_FILE = Attension/Info.plist;
				IPHONEOS_DEPLOYMENT_TARGET = 9.0;
				LD_RUNPATH_SEARCH_PATHS = "$(inherited) @executable_path/Frameworks";
				OTHER_SWIFT_FLAGS = "$(inherited) \"-D\" \"COCOAPODS\" -D DEBUG";
				PRODUCT_BUNDLE_IDENTIFIER = com.hira.Attension;
				PRODUCT_NAME = "$(TARGET_NAME)";
				SWIFT_OBJC_BRIDGING_HEADER = "$(SRCROOT)/$(PROJECT)/Attension-Bridging-Header.h";
				USER_HEADER_SEARCH_PATHS = "Pods/BlocksKit/**/** Pods/INTULocationManager/**";
			};
			name = Release;
		};
		4287D53F1CB14ACC00E78E47 /* Debug */ = {
			isa = XCBuildConfiguration;
			buildSettings = {
				BUNDLE_LOADER = "$(TEST_HOST)";
				INFOPLIST_FILE = AttensionTests/Info.plist;
				LD_RUNPATH_SEARCH_PATHS = "$(inherited) @executable_path/Frameworks @loader_path/Frameworks";
				OTHER_SWIFT_FLAGS = "-D DEBUG";
				PRODUCT_BUNDLE_IDENTIFIER = com.hira.AttensionTests;
				PRODUCT_NAME = "$(TARGET_NAME)";
				TEST_HOST = "$(BUILT_PRODUCTS_DIR)/Attension.app/Attension";
				USER_HEADER_SEARCH_PATHS = "Pods/BlocksKit/** Pods/INTULocationManager/**";
			};
			name = Debug;
		};
		4287D5401CB14ACC00E78E47 /* Release */ = {
			isa = XCBuildConfiguration;
			buildSettings = {
				BUNDLE_LOADER = "$(TEST_HOST)";
				INFOPLIST_FILE = AttensionTests/Info.plist;
				LD_RUNPATH_SEARCH_PATHS = "$(inherited) @executable_path/Frameworks @loader_path/Frameworks";
				PRODUCT_BUNDLE_IDENTIFIER = com.hira.AttensionTests;
				PRODUCT_NAME = "$(TARGET_NAME)";
				TEST_HOST = "$(BUILT_PRODUCTS_DIR)/Attension.app/Attension";
				USER_HEADER_SEARCH_PATHS = "Pods/BlocksKit/** Pods/INTULocationManager/**";
			};
			name = Release;
		};
/* End XCBuildConfiguration section */

/* Begin XCConfigurationList section */
		4287D5191CB14ACC00E78E47 /* Build configuration list for PBXProject "Attension" */ = {
			isa = XCConfigurationList;
			buildConfigurations = (
				4287D5391CB14ACC00E78E47 /* Debug */,
				4287D53A1CB14ACC00E78E47 /* Release */,
			);
			defaultConfigurationIsVisible = 0;
			defaultConfigurationName = Release;
		};
		4287D53B1CB14ACC00E78E47 /* Build configuration list for PBXNativeTarget "Attension" */ = {
			isa = XCConfigurationList;
			buildConfigurations = (
				4287D53C1CB14ACC00E78E47 /* Debug */,
				4287D53D1CB14ACC00E78E47 /* Release */,
			);
			defaultConfigurationIsVisible = 0;
			defaultConfigurationName = Release;
		};
		4287D53E1CB14ACC00E78E47 /* Build configuration list for PBXNativeTarget "AttensionTests" */ = {
			isa = XCConfigurationList;
			buildConfigurations = (
				4287D53F1CB14ACC00E78E47 /* Debug */,
				4287D5401CB14ACC00E78E47 /* Release */,
			);
			defaultConfigurationIsVisible = 0;
			defaultConfigurationName = Release;
		};
/* End XCConfigurationList section */
	};
	rootObject = 4287D5161CB14ACC00E78E47 /* Project object */;
}
